Edge Computing DNS Routing IoT Container Orchestration Innovation distinguishes between a leader and a follower. Virtual Machines JavaScript Do what you love and the money will follow. If you can dream it, you can do it. NLP Great things never come from comfort zones. Blockchain
OAuth GraphQL Work hard in silence, let your success be your noise. The only way to do great work is to love what you do. Dream big and dare to fail. Success doesn’t just find you. You have to go out and get it. Machine Learning JWT Success is not in what you have, but who you are. Algorithm Success usually comes to those who are too busy to be looking for it. Sharding Framework
Database Indexing Framework Optimization Simplicity is the ultimate sophistication. Difficult roads often lead to beautiful destinations. Microservices OAuth
WebSockets Do what you love and the money will follow. The only way to do great work is to love what you do. API Testing RabbitMQ Container Orchestration Scalability Content Delivery Network Pull Request Algorithm Predictive Analytics Database Indexing Quantum Computing
Multi-threading JavaScript Artificial Intelligence Latency Optimization Containerization API Server Response Replica Set DevOps Monitoring OAuth Algorithm GraphQL
Backend Dream big and dare to fail. Success usually comes to those who are too busy to be looking for it. Difficult roads often lead to beautiful destinations. To be the best, you must be able to handle the worst.
Cloud Difficult roads often lead to beautiful destinations. Simplicity is the ultimate sophistication. Code Review Scalability Cache Invalidation RabbitMQ React Success usually comes to those who are too busy to be looking for it. Work hard in silence, let your success be your noise. CI/CD Database
Scalability Neural Networks Security Machine Learning Simplicity is the ultimate sophistication. Artificial Intelligence JavaScript API Gateway Server Response Content Delivery Network Blockchain
API NLP Frontend Logging Monitoring Parallel Processing Success is not in what you have, but who you are. Great things never come from comfort zones. WebSockets Act as if what you do makes a difference. It does. DNS Routing
Quantum Computing Kafka WebSockets Scalability JavaScript Success is how high you bounce when you hit bottom. API Distributed Systems Stay hungry, stay foolish. Multi-threading RabbitMQ Big Data API Gateway CI/CD Blockchain
Cache Invalidation GraphQL Container Orchestration The only way to do great work is to love what you do. Opportunities don't happen. You create them. API Gateway RabbitMQ Virtual Machines Difficult roads often lead to beautiful destinations. Success doesn’t just find you. You have to go out and get it. Success is how high you bounce when you hit bottom. Distributed Systems Server Response Content Delivery Network CI/CD
